
Microsoft Visual Studio Solution File, Format Version 12.00
# Visual Studio Version 17
VisualStudioVersion = 17.0.32126.317
MinimumVisualStudioVersion = 10.0.40219.1
Project("{FAE04EC0-301F-11D3-BF4B-00C04F79EFBC}") = "Reservationsystem", "Reservationsystem\Reservationsystem.csproj", "{BCD5389A-0614-4B57-9200-9D02D919D854}"
EndProject
Global
	GlobalSection(SolutionConfigurationPlatforms) = preSolution
		Debug|Any CPU = Debug|Any CPU
		Release|Any CPU = Release|Any CPU
	EndGlobalSection
	GlobalSection(ProjectConfigurationPlatforms) = postSolution
		{BCD5389A-0614-4B57-9200-9D02D919D854}.Debug|Any CPU.ActiveCfg = Debug|Any CPU
		{BCD5389A-0614-4B57-9200-9D02D919D854}.Debug|Any CPU.Build.0 = Debug|Any CPU
		{BCD5389A-0614-4B57-9200-9D02D919D854}.Release|Any CPU.ActiveCfg = Release|Any CPU
		{BCD5389A-0614-4B57-9200-9D02D919D854}.Release|Any CPU.Build.0 = Release|Any CPU
	EndGlobalSection
	GlobalSection(SolutionProperties) = preSolution
		HideSolutionNode = FALSE
	EndGlobalSection
	GlobalSection(ExtensibilityGlobals) = postSolution
		SolutionGuid = {916299E0-78A9-4FDB-8AB3-7CCBC64C22B1}
	EndGlobalSection
EndGlobal
